
Microsoft Visual Studio Solution File, Format Version 12.00
# Visual Studio Version 16
VisualStudioVersion = 16.0.31229.75
MinimumVisualStudioVersion = 10.0.40219.1
Project("{FAE04EC0-301F-11D3-BF4B-00C04F79EFBC}") = "BDPARQUEO", "BDPARQUEO.csproj", "{058E469C-5A4C-4C58-A8CA-764A576DAE23}"
EndProject
Global
	GlobalSection(SolutionConfigurationPlatforms) = preSolution
		Debug|Any CPU = Debug|Any CPU
		Release|Any CPU = Release|Any CPU
	EndGlobalSection
	GlobalSection(ProjectConfigurationPlatforms) = postSolution
		{058E469C-5A4C-4C58-A8CA-764A576DAE23}.Debug|Any CPU.ActiveCfg = Debug|Any CPU
		{058E469C-5A4C-4C58-A8CA-764A576DAE23}.Debug|Any CPU.Build.0 = Debug|Any CPU
		{058E469C-5A4C-4C58-A8CA-764A576DAE23}.Release|Any CPU.ActiveCfg = Release|Any CPU
		{058E469C-5A4C-4C58-A8CA-764A576DAE23}.Release|Any CPU.Build.0 = Release|Any CPU
	EndGlobalSection
	GlobalSection(SolutionProperties) = preSolution
		HideSolutionNode = FALSE
	EndGlobalSection
	GlobalSection(ExtensibilityGlobals) = postSolution
		SolutionGuid = {4EAE9874-C746-473E-96C6-17CCCD949D0C}
	EndGlobalSection
EndGlobal
